
Microsoft Visual Studio Solution File, Format Version 12.00
# Visual Studio Version 17
VisualStudioVersion = 17.7.34018.315
MinimumVisualStudioVersion = 10.0.40219.1
Project("{FAE04EC0-301F-11D3-BF4B-00C04F79EFBC}") = "SocketOpgave", "SocketOpgave\SocketOpgave.csproj", "{343D1ABB-744C-452E-8C2C-B189845104EE}"
EndProject
Global
	GlobalSection(SolutionConfigurationPlatforms) = preSolution
		Debug|Any CPU = Debug|Any CPU
		Release|Any CPU = Release|Any CPU
	EndGlobalSection
	GlobalSection(ProjectConfigurationPlatforms) = postSolution
		{343D1ABB-744C-452E-8C2C-B189845104EE}.Debug|Any CPU.ActiveCfg = Debug|Any CPU
		{343D1ABB-744C-452E-8C2C-B189845104EE}.Debug|Any CPU.Build.0 = Debug|Any CPU
		{343D1ABB-744C-452E-8C2C-B189845104EE}.Release|Any CPU.ActiveCfg = Release|Any CPU
		{343D1ABB-744C-452E-8C2C-B189845104EE}.Release|Any CPU.Build.0 = Release|Any CPU
	EndGlobalSection
	GlobalSection(SolutionProperties) = preSolution
		HideSolutionNode = FALSE
	EndGlobalSection
	GlobalSection(ExtensibilityGlobals) = postSolution
		SolutionGuid = {3C019E94-8823-4DFA-B0EA-B8D07854AAB5}
	EndGlobalSection
EndGlobal
